// !$*UTF8*$!
{
	archiveVersion = 1;
	classes = {
	};
	objectVersion = 48;
	objects = {

/* Begin PBXBuildFile section */
		EC7C54111FB9DCB1003C3BA7 /* CalculatorController.swift in Sources */ = {isa = PBXBuildFile; fileRef = EC7C54101FB9DCB0003C3BA7 /* CalculatorController.swift */; };
		ECAF725A20611FA900E6A730 /* ButtonCell.swift in Sources */ = {isa = PBXBuildFile; fileRef = ECAF725920611FA900E6A730 /* ButtonCell.swift */; };
		ECFD2C5D1F9DF6E700313E90 /* AppDelegate.swift in Sources */ = {isa = PBXBuildFile; fileRef = ECFD2C5C1F9DF6E700313E90 /* AppDelegate.swift */; };
		ECFD2C5F1F9DF6E700313E90 /* MainController.swift in Sources */ = {isa = PBXBuildFile; fileRef = ECFD2C5E1F9DF6E700313E90 /* MainController.swift */; };
		ECFD2C641F9DF6E700313E90 /* Assets.xcassets in Resources */ = {isa = PBXBuildFile; fileRef = ECFD2C631F9DF6E700313E90 /* Assets.xcassets */; };
		ECFD2C671F9DF6E700313E90 /* LaunchScreen.storyboard in Resources */ = {isa = PBXBuildFile; fileRef = ECFD2C651F9DF6E700313E90 /* LaunchScreen.storyboard */; };
		ECFD2C721F9DFBAA00313E90 /* UIView.swift in Sources */ = {isa = PBXBuildFile; fileRef = ECFD2C711F9DFBAA00313E90 /* UIView.swift */; };
/* End PBXBuildFile section */

/* Begin PBXFileReference section */
		EC7C54101FB9DCB0003C3BA7 /* CalculatorController.swift */ = {isa = PBXFileReference; lastKnownFileType = sourcecode.swift; path = CalculatorController.swift; sourceTree = "<group>"; };
		ECAF725920611FA900E6A730 /* ButtonCell.swift */ = {isa = PBXFileReference; lastKnownFileType = sourcecode.swift; path = ButtonCell.swift; sourceTree = "<group>"; };
		ECFD2C591F9DF6E700313E90 /* Calculator.app */ = {isa = PBXFileReference; explicitFileType = wrapper.application; includeInIndex = 0; path = Calculator.app; sourceTree = BUILT_PRODUCTS_DIR; };
		ECFD2C5C1F9DF6E700313E90 /* AppDelegate.swift */ = {isa = PBXFileReference; lastKnownFileType = sourcecode.swift; path = AppDelegate.swift; sourceTree = "<group>"; };
		ECFD2C5E1F9DF6E700313E90 /* MainController.swift */ = {isa = PBXFileReference; lastKnownFileType = sourcecode.swift; path = MainController.swift; sourceTree = "<group>"; };
		ECFD2C631F9DF6E700313E90 /* Assets.xcassets */ = {isa = PBXFileReference; lastKnownFileType = folder.assetcatalog; path = Assets.xcassets; sourceTree = "<group>"; };
		ECFD2C661F9DF6E700313E90 /* Base */ = {isa = PBXFileReference; lastKnownFileType = file.storyboard; name = Base; path = Base.lproj/LaunchScreen.storyboard; sourceTree = "<group>"; };
		ECFD2C681F9DF6E700313E90 /* Info.plist */ = {isa = PBXFileReference; lastKnownFileType = text.plist.xml; path = Info.plist; sourceTree = "<group>"; };
		ECFD2C711F9DFBAA00313E90 /* UIView.swift */ = {isa = PBXFileReference; lastKnownFileType = sourcecode.swift; path = UIView.swift; sourceTree = "<group>"; };
/* End PBXFileReference section */

/* Begin PBXFrameworksBuildPhase section */
		ECFD2C561F9DF6E700313E90 /* Frameworks */ = {
			isa = PBXFrameworksBuildPhase;
			buildActionMask = 2147483647;
			files = (
			);
			runOnlyForDeploymentPostprocessing = 0;
		};
/* End PBXFrameworksBuildPhase section */

/* Begin PBXGroup section */
		ECFD2C501F9DF6E600313E90 = {
			isa = PBXGroup;
			children = (
				ECFD2C5B1F9DF6E700313E90 /* Calculator */,
				ECFD2C5A1F9DF6E700313E90 /* Products */,
			);
			sourceTree = "<group>";
		};
		ECFD2C5A1F9DF6E700313E90 /* Products */ = {
			isa = PBXGroup;
			children = (
				ECFD2C591F9DF6E700313E90 /* Calculator.app */,
			);
			name = Products;
			sourceTree = "<group>";
		};
		ECFD2C5B1F9DF6E700313E90 /* Calculator */ = {
			isa = PBXGroup;
			children = (
				ECFD2C5C1F9DF6E700313E90 /* AppDelegate.swift */,
				ECFD2C6E1F9DFB5600313E90 /* Controllers */,
				ECFD2C701F9DFB6A00313E90 /* Views */,
				ECFD2C6F1F9DFB6200313E90 /* Toolbox */,
				ECFD2C631F9DF6E700313E90 /* Assets.xcassets */,
				ECFD2C651F9DF6E700313E90 /* LaunchScreen.storyboard */,
				ECFD2C681F9DF6E700313E90 /* Info.plist */,
			);
			path = Calculator;
			sourceTree = "<group>";
		};
		ECFD2C6E1F9DFB5600313E90 /* Controllers */ = {
			isa = PBXGroup;
			children = (
				ECFD2C5E1F9DF6E700313E90 /* MainController.swift */,
				EC7C54101FB9DCB0003C3BA7 /* CalculatorController.swift */,
			);
			path = Controllers;
			sourceTree = "<group>";
		};
		ECFD2C6F1F9DFB6200313E90 /* Toolbox */ = {
			isa = PBXGroup;
			children = (
				ECFD2C711F9DFBAA00313E90 /* UIView.swift */,
			);
			path = Toolbox;
			sourceTree = "<group>";
		};
		ECFD2C701F9DFB6A00313E90 /* Views */ = {
			isa = PBXGroup;
			children = (
				ECAF725920611FA900E6A730 /* ButtonCell.swift */,
			);
			path = Views;
			sourceTree = "<group>";
		};
/* End PBXGroup section */

/* Begin PBXNativeTarget section */
		ECFD2C581F9DF6E700313E90 /* Calculator */ = {
			isa = PBXNativeTarget;
			buildConfigurationList = ECFD2C6B1F9DF6E700313E90 /* Build configuration list for PBXNativeTarget "Calculator" */;
			buildPhases = (
				ECFD2C551F9DF6E700313E90 /* Sources */,
				ECFD2C561F9DF6E700313E90 /* Frameworks */,
				ECFD2C571F9DF6E700313E90 /* Resources */,
			);
			buildRules = (
			);
			dependencies = (
			);
			name = Calculator;
			productName = Calculator;
			productReference = ECFD2C591F9DF6E700313E90 /* Calculator.app */;
			productType = "com.apple.product-type.application";
		};
/* End PBXNativeTarget section */

/* Begin PBXProject section */
		ECFD2C511F9DF6E600313E90 /* Project object */ = {
			isa = PBXProject;
			attributes = {
				LastSwiftUpdateCheck = 0900;
				LastUpgradeCheck = 0900;
				ORGANIZATIONNAME = "Alexandre Legent";
				TargetAttributes = {
					ECFD2C581F9DF6E700313E90 = {
						CreatedOnToolsVersion = 9.0.1;
						ProvisioningStyle = Automatic;
					};
				};
			};
			buildConfigurationList = ECFD2C541F9DF6E600313E90 /* Build configuration list for PBXProject "Calculator" */;
			compatibilityVersion = "Xcode 8.0";
			developmentRegion = en;
			hasScannedForEncodings = 0;
			knownRegions = (
				en,
				Base,
			);
			mainGroup = ECFD2C501F9DF6E600313E90;
			productRefGroup = ECFD2C5A1F9DF6E700313E90 /* Products */;
			projectDirPath = "";
			projectRoot = "";
			targets = (
				ECFD2C581F9DF6E700313E90 /* Calculator */,
			);
		};
/* End PBXProject section */

/* Begin PBXResourcesBuildPhase section */
		ECFD2C571F9DF6E700313E90 /* Resources */ = {
			isa = PBXResourcesBuildPhase;
			buildActionMask = 2147483647;
			files = (
				ECFD2C671F9DF6E700313E90 /* LaunchScreen.storyboard in Resources */,
				ECFD2C641F9DF6E700313E90 /* Assets.xcassets in Resources */,
			);
			runOnlyForDeploymentPostprocessing = 0;
		};
/* End PBXResourcesBuildPhase section */

/* Begin PBXSourcesBuildPhase section */
		ECFD2C551F9DF6E700313E90 /* Sources */ = {
			isa = PBXSourcesBuildPhase;
			buildActionMask = 2147483647;
			files = (
				ECFD2C5F1F9DF6E700313E90 /* MainController.swift in Sources */,
				EC7C54111FB9DCB1003C3BA7 /* CalculatorController.swift in Sources */,
				ECFD2C721F9DFBAA00313E90 /* UIView.swift in Sources */,
				ECFD2C5D1F9DF6E700313E90 /* AppDelegate.swift in Sources */,
				ECAF725A20611FA900E6A730 /* ButtonCell.swift in Sources */,
			);
			runOnlyForDeploymentPostprocessing = 0;
		};
/* End PBXSourcesBuildPhase section */

/* Begin PBXVariantGroup section */
		ECFD2C651F9DF6E700313E90 /* LaunchScreen.storyboard */ = {
			isa = PBXVariantGroup;
			children = (
				ECFD2C661F9DF6E700313E90 /* Base */,
			);
			name = LaunchScreen.storyboard;
			sourceTree = "<group>";
		};
/* End PBXVariantGroup section */

/* Begin XCBuildConfiguration section */
		ECFD2C691F9DF6E700313E90 /* Debug */ = {
			isa = XCBuildConfiguration;
			buildSettings = {
				ALWAYS_SEARCH_USER_PATHS = NO;
				CLANG_ANALYZER_NONNULL = YES;
				CLANG_ANALYZER_NUMBER_OBJECT_CONVERSION = YES_AGGRESSIVE;
				CLANG_CXX_LANGUAGE_STANDARD = "gnu++14";
				CLANG_CXX_LIBRARY = "libc++";
				CLANG_ENABLE_MODULES = YES;
				CLANG_ENABLE_OBJC_ARC = YES;
				CLANG_WARN_BLOCK_CAPTURE_AUTORELEASING = YES;
				CLANG_WARN_BOOL_CONVERSION = YES;
				CLANG_WARN_COMMA = YES;
				CLANG_WARN_CONSTANT_CONVERSION = YES;
				CLANG_WARN_DIRECT_OBJC_ISA_USAGE = YES_ERROR;
				CLANG_WARN_DOCUMENTATION_COMMENTS = YES;
				CLANG_WARN_EMPTY_BODY = YES;
				CLANG_WARN_ENUM_CONVERSION = YES;
				CLANG_WARN_INFINITE_RECURSION = YES;
				CLANG_WARN_INT_CONVERSION = YES;
				CLANG_WARN_NON_LITERAL_NULL_CONVERSION = YES;
				CLANG_WARN_OBJC_LITERAL_CONVERSION = YES;
				CLANG_WARN_OBJC_ROOT_CLASS = YES_ERROR;
				CLANG_WARN_RANGE_LOOP_ANALYSIS = YES;
				CLANG_WARN_STRICT_PROTOTYPES = YES;
				CLANG_WARN_SUSPICIOUS_MOVE = YES;
				CLANG_WARN_UNGUARDED_AVAILABILITY = YES_AGGRESSIVE;
				CLANG_WARN_UNREACHABLE_CODE = YES;
				CLANG_WARN__DUPLICATE_METHOD_MATCH = YES;
				CODE_SIGN_IDENTITY = "iPhone Developer";
				COPY_PHASE_STRIP = NO;
				DEBUG_INFORMATION_FORMAT = dwarf;
				ENABLE_STRICT_OBJC_MSGSEND = YES;
				ENABLE_TESTABILITY = YES;
				GCC_C_LANGUAGE_STANDARD = gnu11;
				GCC_DYNAMIC_NO_PIC = NO;
				GCC_NO_COMMON_BLOCKS = YES;
				GCC_OPTIMIZATION_LEVEL = 0;
				GCC_PREPROCESSOR_DEFINITIONS = (
					"DEBUG=1",
					"$(inherited)",
				);
				GCC_WARN_64_TO_32_BIT_CONVERSION = YES;
				GCC_WARN_ABOUT_RETURN_TYPE = YES_ERROR;
				GCC_WARN_UNDECLARED_SELECTOR = YES;
				GCC_WARN_UNINITIALIZED_AUTOS = YES_AGGRESSIVE;
				GCC_WARN_UNUSED_FUNCTION = YES;
				GCC_WARN_UNUSED_VARIABLE = YES;
				IPHONEOS_DEPLOYMENT_TARGET = 11.0;
				MTL_ENABLE_DEBUG_INFO = YES;
				ONLY_ACTIVE_ARCH = YES;
				SDKROOT = iphoneos;
				SWIFT_ACTIVE_COMPILATION_CONDITIONS = DEBUG;
				SWIFT_OPTIMIZATION_LEVEL = "-Onone";
			};
			name = Debug;
		};
		ECFD2C6A1F9DF6E700313E90 /* Release */ = {
			isa = XCBuildConfiguration;
			buildSettings = {
				ALWAYS_SEARCH_USER_PATHS = NO;
				CLANG_ANALYZER_NONNULL = YES;
				CLANG_ANALYZER_NUMBER_OBJECT_CONVERSION = YES_AGGRESSIVE;
				CLANG_CXX_LANGUAGE_STANDARD = "gnu++14";
				CLANG_CXX_LIBRARY = "libc++";
				CLANG_ENABLE_MODULES = YES;
				CLANG_ENABLE_OBJC_ARC = YES;
				CLANG_WARN_BLOCK_CAPTURE_AUTORELEASING = YES;
				CLANG_WARN_BOOL_CONVERSION = YES;
				CLANG_WARN_COMMA = YES;
				CLANG_WARN_CONSTANT_CONVERSION = YES;
				CLANG_WARN_DIRECT_OBJC_ISA_USAGE = YES_ERROR;
				CLANG_WARN_DOCUMENTATION_COMMENTS = YES;
				CLANG_WARN_EMPTY_BODY = YES;
				CLANG_WARN_ENUM_CONVERSION = YES;
				CLANG_WARN_INFINITE_RECURSION = YES;
				CLANG_WARN_INT_CONVERSION = YES;
				CLANG_WARN_NON_LITERAL_NULL_CONVERSION = YES;
				CLANG_WARN_OBJC_LITERAL_CONVERSION = YES;
				CLANG_WARN_OBJC_ROOT_CLASS = YES_ERROR;
				CLANG_WARN_RANGE_LOOP_ANALYSIS = YES;
				CLANG_WARN_STRICT_PROTOTYPES = YES;
				CLANG_WARN_SUSPICIOUS_MOVE = YES;
				CLANG_WARN_UNGUARDED_AVAILABILITY = YES_AGGRESSIVE;
				CLANG_WARN_UNREACHABLE_CODE = YES;
				CLANG_WARN__DUPLICATE_METHOD_MATCH = YES;
				CODE_SIGN_IDENTITY = "iPhone Developer";
				COPY_PHASE_STRIP = NO;
				DEBUG_INFORMATION_FORMAT = "dwarf-with-dsym";
				ENABLE_NS_ASSERTIONS = NO;
				ENABLE_STRICT_OBJC_MSGSEND = YES;
				GCC_C_LANGUAGE_STANDARD = gnu11;
				GCC_NO_COMMON_BLOCKS = YES;
				GCC_WARN_64_TO_32_BIT_CONVERSION = YES;
				GCC_WARN_ABOUT_RETURN_TYPE = YES_ERROR;
				GCC_WARN_UNDECLARED_SELECTOR = YES;
				GCC_WARN_UNINITIALIZED_AUTOS = YES_AGGRESSIVE;
				GCC_WARN_UNUSED_FUNCTION = YES;
				GCC_WARN_UNUSED_VARIABLE = YES;
				IPHONEOS_DEPLOYMENT_TARGET = 11.0;
				MTL_ENABLE_DEBUG_INFO = NO;
				SDKROOT = iphoneos;
				SWIFT_OPTIMIZATION_LEVEL = "-Owholemodule";
				VALIDATE_PRODUCT = YES;
			};
			name = Release;
		};
		ECFD2C6C1F9DF6E700313E90 /* Debug */ = {
			isa = XCBuildConfiguration;
			buildSettings = {
				ASSETCATALOG_COMPILER_APPICON_NAME = AppIcon;
				CODE_SIGN_STYLE = Automatic;
				DEVELOPMENT_TEAM = SYLSF63326;
				INFOPLIST_FILE = Calculator/Info.plist;
				LD_RUNPATH_SEARCH_PATHS = "$(inherited) @executable_path/Frameworks";
				PRODUCT_BUNDLE_IDENTIFIER = com.alegent.Calculator;
				PRODUCT_NAME = "$(TARGET_NAME)";
				SWIFT_VERSION = 4.0;
				TARGETED_DEVICE_FAMILY = "1,2";
			};
			name = Debug;
		};
		ECFD2C6D1F9DF6E700313E90 /* Release */ = {
			isa = XCBuildConfiguration;
			buildSettings = {
				ASSETCATALOG_COMPILER_APPICON_NAME = AppIcon;
				CODE_SIGN_STYLE = Automatic;
				DEVELOPMENT_TEAM = SYLSF63326;
				INFOPLIST_FILE = Calculator/Info.plist;
				LD_RUNPATH_SEARCH_PATHS = "$(inherited) @executable_path/Frameworks";
				PRODUCT_BUNDLE_IDENTIFIER = com.alegent.Calculator;
				PRODUCT_NAME = "$(TARGET_NAME)";
				SWIFT_VERSION = 4.0;
				TARGETED_DEVICE_FAMILY = "1,2";
			};
			name = Release;
		};
/* End XCBuildConfiguration section */

/* Begin XCConfigurationList section */
		ECFD2C541F9DF6E600313E90 /* Build configuration list for PBXProject "Calculator" */ = {
			isa = XCConfigurationList;
			buildConfigurations = (
				ECFD2C691F9DF6E700313E90 /* Debug */,
				ECFD2C6A1F9DF6E700313E90 /* Release */,
			);
			defaultConfigurationIsVisible = 0;
			defaultConfigurationName = Release;
		};
		ECFD2C6B1F9DF6E700313E90 /* Build configuration list for PBXNativeTarget "Calculator" */ = {
			isa = XCConfigurationList;
			buildConfigurations = (
				ECFD2C6C1F9DF6E700313E90 /* Debug */,
				ECFD2C6D1F9DF6E700313E90 /* Release */,
			);
			defaultConfigurationIsVisible = 0;
			defaultConfigurationName = Release;
		};
/* End XCConfigurationList section */
	};
	rootObject = ECFD2C511F9DF6E600313E90 /* Project object */;
}
